
Microsoft Visual Studio Solution File, Format Version 12.00
# Visual Studio Version 16
VisualStudioVersion = 16.0.31205.134
MinimumVisualStudioVersion = 10.0.40219.1
Project("{FAE04EC0-301F-11D3-BF4B-00C04F79EFBC}") = "ProgrammersBlog.Shared", "ProgrammersBlog.Shared\ProgrammersBlog.Shared.csproj", "{8A2E6AF0-64DC-4C6C-B2BF-658C858746F0}"
EndProject
Project("{FAE04EC0-301F-11D3-BF4B-00C04F79EFBC}") = "ProgrammersBlog.Entities", "ProgrammersBlog.Entities\ProgrammersBlog.Entities.csproj", "{367EE7E0-E345-4DCD-B08B-893667519B6F}"
EndProject
Project("{FAE04EC0-301F-11D3-BF4B-00C04F79EFBC}") = "ProgrammersBlog.Data", "ProgrammersBlog.Data\ProgrammersBlog.Data.csproj", "{DC9D55A4-AF0E-4ECE-88E6-F3B045D74C5E}"
EndProject
Project("{FAE04EC0-301F-11D3-BF4B-00C04F79EFBC}") = "ProgrammersBlog.Services", "ProgrammersBlog.Services\ProgrammersBlog.Services.csproj", "{AF9F8806-AD6A-46DA-8AD0-210783C11C40}"
EndProject
Project("{FAE04EC0-301F-11D3-BF4B-00C04F79EFBC}") = "ProgrammersBlog.MVC", "ProgrammersBlog.MVC\ProgrammersBlog.MVC.csproj", "{B4EAF5AC-9DB7-4839-B808-4BA53FDDEF99}"
EndProject
Global
	GlobalSection(SolutionConfigurationPlatforms) = preSolution
		Debug|Any CPU = Debug|Any CPU
		Release|Any CPU = Release|Any CPU
	EndGlobalSection
	GlobalSection(ProjectConfigurationPlatforms) = postSolution
		{8A2E6AF0-64DC-4C6C-B2BF-658C858746F0}.Debug|Any CPU.ActiveCfg = Debug|Any CPU
		{8A2E6AF0-64DC-4C6C-B2BF-658C858746F0}.Debug|Any CPU.Build.0 = Debug|Any CPU
		{8A2E6AF0-64DC-4C6C-B2BF-658C858746F0}.Release|Any CPU.ActiveCfg = Release|Any CPU
		{8A2E6AF0-64DC-4C6C-B2BF-658C858746F0}.Release|Any CPU.Build.0 = Release|Any CPU
		{367EE7E0-E345-4DCD-B08B-893667519B6F}.Debug|Any CPU.ActiveCfg = Debug|Any CPU
		{367EE7E0-E345-4DCD-B08B-893667519B6F}.Debug|Any CPU.Build.0 = Debug|Any CPU
		{367EE7E0-E345-4DCD-B08B-893667519B6F}.Release|Any CPU.ActiveCfg = Release|Any CPU
		{367EE7E0-E345-4DCD-B08B-893667519B6F}.Release|Any CPU.Build.0 = Release|Any CPU
		{DC9D55A4-AF0E-4ECE-88E6-F3B045D74C5E}.Debug|Any CPU.ActiveCfg = Debug|Any CPU
		{DC9D55A4-AF0E-4ECE-88E6-F3B045D74C5E}.Debug|Any CPU.Build.0 = Debug|Any CPU
		{DC9D55A4-AF0E-4ECE-88E6-F3B045D74C5E}.Release|Any CPU.ActiveCfg = Release|Any CPU
		{DC9D55A4-AF0E-4ECE-88E6-F3B045D74C5E}.Release|Any CPU.Build.0 = Release|Any CPU
		{AF9F8806-AD6A-46DA-8AD0-210783C11C40}.Debug|Any CPU.ActiveCfg = Debug|Any CPU
		{AF9F8806-AD6A-46DA-8AD0-210783C11C40}.Debug|Any CPU.Build.0 = Debug|Any CPU
		{AF9F8806-AD6A-46DA-8AD0-210783C11C40}.Release|Any CPU.ActiveCfg = Release|Any CPU
		{AF9F8806-AD6A-46DA-8AD0-210783C11C40}.Release|Any CPU.Build.0 = Release|Any CPU
		{B4EAF5AC-9DB7-4839-B808-4BA53FDDEF99}.Debug|Any CPU.ActiveCfg = Debug|Any CPU
		{B4EAF5AC-9DB7-4839-B808-4BA53FDDEF99}.Debug|Any CPU.Build.0 = Debug|Any CPU
		{B4EAF5AC-9DB7-4839-B808-4BA53FDDEF99}.Release|Any CPU.ActiveCfg = Release|Any CPU
		{B4EAF5AC-9DB7-4839-B808-4BA53FDDEF99}.Release|Any CPU.Build.0 = Release|Any CPU
	EndGlobalSection
	GlobalSection(SolutionProperties) = preSolution
		HideSolutionNode = FALSE
	EndGlobalSection
	GlobalSection(ExtensibilityGlobals) = postSolution
		SolutionGuid = {D055979E-1714-4158-A3B1-A83A01977956}
	EndGlobalSection
EndGlobal
